
Microsoft Visual Studio Solution File, Format Version 12.00
# Visual Studio 15
VisualStudioVersion = 15.0.26430.6
MinimumVisualStudioVersion = 10.0.40219.1
Project("{FAE04EC0-301F-11D3-BF4B-00C04F79EFBC}") = "motivar_design_project", "motivar_design_project\motivar_design_project.csproj", "{20CE4434-40AA-4D91-9DE9-452FFAAFE865}"
EndProject
Project("{FAE04EC0-301F-11D3-BF4B-00C04F79EFBC}") = "UIDesign", "motivar_design_project\UIDesign\UIDesign\UIDesign.csproj", "{33639728-8AD8-4132-99A9-57020D1A49E1}"
EndProject
Project("{FAE04EC0-301F-11D3-BF4B-00C04F79EFBC}") = "TEST", "motivar_design_project\TEST\TEST\TEST.csproj", "{F2BE9E85-F860-4ECC-9E52-7F6FFDFF97C2}"
EndProject
Project("{FAE04EC0-301F-11D3-BF4B-00C04F79EFBC}") = "SqliteDB", "SqliteDB\SqliteDB.csproj", "{8139DF55-FAE9-4A2F-9C43-087B3262C7C5}"
EndProject
Global
	GlobalSection(SolutionConfigurationPlatforms) = preSolution
		Debug|Any CPU = Debug|Any CPU
		Release|Any CPU = Release|Any CPU
	EndGlobalSection
	GlobalSection(ProjectConfigurationPlatforms) = postSolution
		{20CE4434-40AA-4D91-9DE9-452FFAAFE865}.Debug|Any CPU.ActiveCfg = Debug|Any CPU
		{20CE4434-40AA-4D91-9DE9-452FFAAFE865}.Debug|Any CPU.Build.0 = Debug|Any CPU
		{20CE4434-40AA-4D91-9DE9-452FFAAFE865}.Release|Any CPU.ActiveCfg = Release|Any CPU
		{20CE4434-40AA-4D91-9DE9-452FFAAFE865}.Release|Any CPU.Build.0 = Release|Any CPU
		{33639728-8AD8-4132-99A9-57020D1A49E1}.Debug|Any CPU.ActiveCfg = Debug|Any CPU
		{33639728-8AD8-4132-99A9-57020D1A49E1}.Debug|Any CPU.Build.0 = Debug|Any CPU
		{33639728-8AD8-4132-99A9-57020D1A49E1}.Release|Any CPU.ActiveCfg = Release|Any CPU
		{33639728-8AD8-4132-99A9-57020D1A49E1}.Release|Any CPU.Build.0 = Release|Any CPU
		{F2BE9E85-F860-4ECC-9E52-7F6FFDFF97C2}.Debug|Any CPU.ActiveCfg = Debug|Any CPU
		{F2BE9E85-F860-4ECC-9E52-7F6FFDFF97C2}.Debug|Any CPU.Build.0 = Debug|Any CPU
		{F2BE9E85-F860-4ECC-9E52-7F6FFDFF97C2}.Release|Any CPU.ActiveCfg = Release|Any CPU
		{F2BE9E85-F860-4ECC-9E52-7F6FFDFF97C2}.Release|Any CPU.Build.0 = Release|Any CPU
		{8139DF55-FAE9-4A2F-9C43-087B3262C7C5}.Debug|Any CPU.ActiveCfg = Debug|Any CPU
		{8139DF55-FAE9-4A2F-9C43-087B3262C7C5}.Debug|Any CPU.Build.0 = Debug|Any CPU
		{8139DF55-FAE9-4A2F-9C43-087B3262C7C5}.Release|Any CPU.ActiveCfg = Release|Any CPU
		{8139DF55-FAE9-4A2F-9C43-087B3262C7C5}.Release|Any CPU.Build.0 = Release|Any CPU
	EndGlobalSection
	GlobalSection(SolutionProperties) = preSolution
		HideSolutionNode = FALSE
	EndGlobalSection
EndGlobal
